// !$*UTF8*$!
{
	archiveVersion = 1;
	classes = {
	};
	objectVersion = 56;
	objects = {

/* Begin PBXBuildFile section */
		9F84596728F869C200C13C86 /* iOS_trialApp.swift in Sources */ = {isa = PBXBuildFile; fileRef = 9F84596628F869C200C13C86 /* iOS_trialApp.swift */; };
		9F84596928F869C200C13C86 /* ContentView.swift in Sources */ = {isa = PBXBuildFile; fileRef = 9F84596828F869C200C13C86 /* ContentView.swift */; };
		9F84596B28F869C400C13C86 /* Assets.xcassets in Resources */ = {isa = PBXBuildFile; fileRef = 9F84596A28F869C400C13C86 /* Assets.xcassets */; };
		9F84596E28F869C400C13C86 /* Preview Assets.xcassets in Resources */ = {isa = PBXBuildFile; fileRef = 9F84596D28F869C400C13C86 /* Preview Assets.xcassets */; };
		9F84597828F869C400C13C86 /* iOS_trialTests.swift in Sources */ = {isa = PBXBuildFile; fileRef = 9F84597728F869C400C13C86 /* iOS_trialTests.swift */; };
		9F84598228F869C400C13C86 /* iOS_trialUITests.swift in Sources */ = {isa = PBXBuildFile; fileRef = 9F84598128F869C400C13C86 /* iOS_trialUITests.swift */; };
		9F84598428F869C400C13C86 /* iOS_trialUITestsLaunchTests.swift in Sources */ = {isa = PBXBuildFile; fileRef = 9F84598328F869C400C13C86 /* iOS_trialUITestsLaunchTests.swift */; };
/* End PBXBuildFile section */

/* Begin PBXContainerItemProxy section */
		9F84597428F869C400C13C86 /* PBXContainerItemProxy */ = {
			isa = PBXContainerItemProxy;
			containerPortal = 9F84595B28F869C200C13C86 /* Project object */;
			proxyType = 1;
			remoteGlobalIDString = 9F84596228F869C200C13C86;
			remoteInfo = "iOS trial";
		};
		9F84597E28F869C400C13C86 /* PBXContainerItemProxy */ = {
			isa = PBXContainerItemProxy;
			containerPortal = 9F84595B28F869C200C13C86 /* Project object */;
			proxyType = 1;
			remoteGlobalIDString = 9F84596228F869C200C13C86;
			remoteInfo = "iOS trial";
		};
/* End PBXContainerItemProxy section */

/* Begin PBXFileReference section */
		9F84596328F869C200C13C86 /* iOS trial.app */ = {isa = PBXFileReference; explicitFileType = wrapper.application; includeInIndex = 0; path = "iOS trial.app"; sourceTree = BUILT_PRODUCTS_DIR; };
		9F84596628F869C200C13C86 /* iOS_trialApp.swift */ = {isa = PBXFileReference; lastKnownFileType = sourcecode.swift; path = iOS_trialApp.swift; sourceTree = "<group>"; };
		9F84596828F869C200C13C86 /* ContentView.swift */ = {isa = PBXFileReference; lastKnownFileType = sourcecode.swift; path = ContentView.swift; sourceTree = "<group>"; };
		9F84596A28F869C400C13C86 /* Assets.xcassets */ = {isa = PBXFileReference; lastKnownFileType = folder.assetcatalog; path = Assets.xcassets; sourceTree = "<group>"; };
		9F84596D28F869C400C13C86 /* Preview Assets.xcassets */ = {isa = PBXFileReference; lastKnownFileType = folder.assetcatalog; path = "Preview Assets.xcassets"; sourceTree = "<group>"; };
		9F84597328F869C400C13C86 /* iOS trialTests.xctest */ = {isa = PBXFileReference; explicitFileType = wrapper.cfbundle; includeInIndex = 0; path = "iOS trialTests.xctest"; sourceTree = BUILT_PRODUCTS_DIR; };
		9F84597728F869C400C13C86 /* iOS_trialTests.swift */ = {isa = PBXFileReference; lastKnownFileType = sourcecode.swift; path = iOS_trialTests.swift; sourceTree = "<group>"; };
		9F84597D28F869C400C13C86 /* iOS trialUITests.xctest */ = {isa = PBXFileReference; explicitFileType = wrapper.cfbundle; includeInIndex = 0; path = "iOS trialUITests.xctest"; sourceTree = BUILT_PRODUCTS_DIR; };
		9F84598128F869C400C13C86 /* iOS_trialUITests.swift */ = {isa = PBXFileReference; lastKnownFileType = sourcecode.swift; path = iOS_trialUITests.swift; sourceTree = "<group>"; };
		9F84598328F869C400C13C86 /* iOS_trialUITestsLaunchTests.swift */ = {isa = PBXFileReference; lastKnownFileType = sourcecode.swift; path = iOS_trialUITestsLaunchTests.swift; sourceTree = "<group>"; };
/* End PBXFileReference section */

/* Begin PBXFrameworksBuildPhase section */
		9F84596028F869C200C13C86 /* Frameworks */ = {
			isa = PBXFrameworksBuildPhase;
			buildActionMask = 2147483647;
			files = (
			);
			runOnlyForDeploymentPostprocessing = 0;
		};
		9F84597028F869C400C13C86 /* Frameworks */ = {
			isa = PBXFrameworksBuildPhase;
			buildActionMask = 2147483647;
			files = (
			);
			runOnlyForDeploymentPostprocessing = 0;
		};
		9F84597A28F869C400C13C86 /* Frameworks */ = {
			isa = PBXFrameworksBuildPhase;
			buildActionMask = 2147483647;
			files = (
			);
			runOnlyForDeploymentPostprocessing = 0;
		};
/* End PBXFrameworksBuildPhase section */

/* Begin PBXGroup section */
		9F84595A28F869C200C13C86 = {
			isa = PBXGroup;
			children = (
				9F84596528F869C200C13C86 /* iOS trial */,
				9F84597628F869C400C13C86 /* iOS trialTests */,
				9F84598028F869C400C13C86 /* iOS trialUITests */,
				9F84596428F869C200C13C86 /* Products */,
			);
			sourceTree = "<group>";
		};
		9F84596428F869C200C13C86 /* Products */ = {
			isa = PBXGroup;
			children = (
				9F84596328F869C200C13C86 /* iOS trial.app */,
				9F84597328F869C400C13C86 /* iOS trialTests.xctest */,
				9F84597D28F869C400C13C86 /* iOS trialUITests.xctest */,
			);
			name = Products;
			sourceTree = "<group>";
		};
		9F84596528F869C200C13C86 /* iOS trial */ = {
			isa = PBXGroup;
			children = (
				9F84596628F869C200C13C86 /* iOS_trialApp.swift */,
				9F84596828F869C200C13C86 /* ContentView.swift */,
				9F84596A28F869C400C13C86 /* Assets.xcassets */,
				9F84596C28F869C400C13C86 /* Preview Content */,
			);
			path = "iOS trial";
			sourceTree = "<group>";
		};
		9F84596C28F869C400C13C86 /* Preview Content */ = {
			isa = PBXGroup;
			children = (
				9F84596D28F869C400C13C86 /* Preview Assets.xcassets */,
			);
			path = "Preview Content";
			sourceTree = "<group>";
		};
		9F84597628F869C400C13C86 /* iOS trialTests */ = {
			isa = PBXGroup;
			children = (
				9F84597728F869C400C13C86 /* iOS_trialTests.swift */,
			);
			path = "iOS trialTests";
			sourceTree = "<group>";
		};
		9F84598028F869C400C13C86 /* iOS trialUITests */ = {
			isa = PBXGroup;
			children = (
				9F84598128F869C400C13C86 /* iOS_trialUITests.swift */,
				9F84598328F869C400C13C86 /* iOS_trialUITestsLaunchTests.swift */,
			);
			path = "iOS trialUITests";
			sourceTree = "<group>";
		};
/* End PBXGroup section */

/* Begin PBXNativeTarget section */
		9F84596228F869C200C13C86 /* iOS trial */ = {
			isa = PBXNativeTarget;
			buildConfigurationList = 9F84598728F869C400C13C86 /* Build configuration list for PBXNativeTarget "iOS trial" */;
			buildPhases = (
				9F84595F28F869C200C13C86 /* Sources */,
				9F84596028F869C200C13C86 /* Frameworks */,
				9F84596128F869C200C13C86 /* Resources */,
			);
			buildRules = (
			);
			dependencies = (
			);
			name = "iOS trial";
			productName = "iOS trial";
			productReference = 9F84596328F869C200C13C86 /* iOS trial.app */;
			productType = "com.apple.product-type.application";
		};
		9F84597228F869C400C13C86 /* iOS trialTests */ = {
			isa = PBXNativeTarget;
			buildConfigurationList = 9F84598A28F869C400C13C86 /* Build configuration list for PBXNativeTarget "iOS trialTests" */;
			buildPhases = (
				9F84596F28F869C400C13C86 /* Sources */,
				9F84597028F869C400C13C86 /* Frameworks */,
				9F84597128F869C400C13C86 /* Resources */,
			);
			buildRules = (
			);
			dependencies = (
				9F84597528F869C400C13C86 /* PBXTargetDependency */,
			);
			name = "iOS trialTests";
			productName = "iOS trialTests";
			productReference = 9F84597328F869C400C13C86 /* iOS trialTests.xctest */;
			productType = "com.apple.product-type.bundle.unit-test";
		};
		9F84597C28F869C400C13C86 /* iOS trialUITests */ = {
			isa = PBXNativeTarget;
			buildConfigurationList = 9F84598D28F869C400C13C86 /* Build configuration list for PBXNativeTarget "iOS trialUITests" */;
			buildPhases = (
				9F84597928F869C400C13C86 /* Sources */,
				9F84597A28F869C400C13C86 /* Frameworks */,
				9F84597B28F869C400C13C86 /* Resources */,
			);
			buildRules = (
			);
			dependencies = (
				9F84597F28F869C400C13C86 /* PBXTargetDependency */,
			);
			name = "iOS trialUITests";
			productName = "iOS trialUITests";
			productReference = 9F84597D28F869C400C13C86 /* iOS trialUITests.xctest */;
			productType = "com.apple.product-type.bundle.ui-testing";
		};
/* End PBXNativeTarget section */

/* Begin PBXProject section */
		9F84595B28F869C200C13C86 /* Project object */ = {
			isa = PBXProject;
			attributes = {
				BuildIndependentTargetsInParallel = 1;
				LastSwiftUpdateCheck = 1400;
				LastUpgradeCheck = 1400;
				TargetAttributes = {
					9F84596228F869C200C13C86 = {
						CreatedOnToolsVersion = 14.0.1;
					};
					9F84597228F869C400C13C86 = {
						CreatedOnToolsVersion = 14.0.1;
						TestTargetID = 9F84596228F869C200C13C86;
					};
					9F84597C28F869C400C13C86 = {
						CreatedOnToolsVersion = 14.0.1;
						TestTargetID = 9F84596228F869C200C13C86;
					};
				};
			};
			buildConfigurationList = 9F84595E28F869C200C13C86 /* Build configuration list for PBXProject "iOS trial" */;
			compatibilityVersion = "Xcode 14.0";
			developmentRegion = en;
			hasScannedForEncodings = 0;
			knownRegions = (
				en,
				Base,
			);
			mainGroup = 9F84595A28F869C200C13C86;
			productRefGroup = 9F84596428F869C200C13C86 /* Products */;
			projectDirPath = "";
			projectRoot = "";
			targets = (
				9F84596228F869C200C13C86 /* iOS trial */,
				9F84597228F869C400C13C86 /* iOS trialTests */,
				9F84597C28F869C400C13C86 /* iOS trialUITests */,
			);
		};
/* End PBXProject section */

/* Begin PBXResourcesBuildPhase section */
		9F84596128F869C200C13C86 /* Resources */ = {
			isa = PBXResourcesBuildPhase;
			buildActionMask = 2147483647;
			files = (
				9F84596E28F869C400C13C86 /* Preview Assets.xcassets in Resources */,
				9F84596B28F869C400C13C86 /* Assets.xcassets in Resources */,
			);
			runOnlyForDeploymentPostprocessing = 0;
		};
		9F84597128F869C400C13C86 /* Resources */ = {
			isa = PBXResourcesBuildPhase;
			buildActionMask = 2147483647;
			files = (
			);
			runOnlyForDeploymentPostprocessing = 0;
		};
		9F84597B28F869C400C13C86 /* Resources */ = {
			isa = PBXResourcesBuildPhase;
			buildActionMask = 2147483647;
			files = (
			);
			runOnlyForDeploymentPostprocessing = 0;
		};
/* End PBXResourcesBuildPhase section */

/* Begin PBXSourcesBuildPhase section */
		9F84595F28F869C200C13C86 /* Sources */ = {
			isa = PBXSourcesBuildPhase;
			buildActionMask = 2147483647;
			files = (
				9F84596928F869C200C13C86 /* ContentView.swift in Sources */,
				9F84596728F869C200C13C86 /* iOS_trialApp.swift in Sources */,
			);
			runOnlyForDeploymentPostprocessing = 0;
		};
		9F84596F28F869C400C13C86 /* Sources */ = {
			isa = PBXSourcesBuildPhase;
			buildActionMask = 2147483647;
			files = (
				9F84597828F869C400C13C86 /* iOS_trialTests.swift in Sources */,
			);
			runOnlyForDeploymentPostprocessing = 0;
		};
		9F84597928F869C400C13C86 /* Sources */ = {
			isa = PBXSourcesBuildPhase;
			buildActionMask = 2147483647;
			files = (
				9F84598228F869C400C13C86 /* iOS_trialUITests.swift in Sources */,
				9F84598428F869C400C13C86 /* iOS_trialUITestsLaunchTests.swift in Sources */,
			);
			runOnlyForDeploymentPostprocessing = 0;
		};
/* End PBXSourcesBuildPhase section */

/* Begin PBXTargetDependency section */
		9F84597528F869C400C13C86 /* PBXTargetDependency */ = {
			isa = PBXTargetDependency;
			target = 9F84596228F869C200C13C86 /* iOS trial */;
			targetProxy = 9F84597428F869C400C13C86 /* PBXContainerItemProxy */;
		};
		9F84597F28F869C400C13C86 /* PBXTargetDependency */ = {
			isa = PBXTargetDependency;
			target = 9F84596228F869C200C13C86 /* iOS trial */;
			targetProxy = 9F84597E28F869C400C13C86 /* PBXContainerItemProxy */;
		};
/* End PBXTargetDependency section */

/* Begin XCBuildConfiguration section */
		9F84598528F869C400C13C86 /* Debug */ = {
			isa = XCBuildConfiguration;
			buildSettings = {
				ALWAYS_SEARCH_USER_PATHS = NO;
				CLANG_ANALYZER_NONNULL = YES;
				CLANG_ANALYZER_NUMBER_OBJECT_CONVERSION = YES_AGGRESSIVE;
				CLANG_CXX_LANGUAGE_STANDARD = "gnu++20";
				CLANG_ENABLE_MODULES = YES;
				CLANG_ENABLE_OBJC_ARC = YES;
				CLANG_ENABLE_OBJC_WEAK = YES;
				CLANG_WARN_BLOCK_CAPTURE_AUTORELEASING = YES;
				CLANG_WARN_BOOL_CONVERSION = YES;
				CLANG_WARN_COMMA = YES;
				CLANG_WARN_CONSTANT_CONVERSION = YES;
				CLANG_WARN_DEPRECATED_OBJC_IMPLEMENTATIONS = YES;
				CLANG_WARN_DIRECT_OBJC_ISA_USAGE = YES_ERROR;
				CLANG_WARN_DOCUMENTATION_COMMENTS = YES;
				CLANG_WARN_EMPTY_BODY = YES;
				CLANG_WARN_ENUM_CONVERSION = YES;
				CLANG_WARN_INFINITE_RECURSION = YES;
				CLANG_WARN_INT_CONVERSION = YES;
				CLANG_WARN_NON_LITERAL_NULL_CONVERSION = YES;
				CLANG_WARN_OBJC_IMPLICIT_RETAIN_SELF = YES;
				CLANG_WARN_OBJC_LITERAL_CONVERSION = YES;
				CLANG_WARN_OBJC_ROOT_CLASS = YES_ERROR;
				CLANG_WARN_QUOTED_INCLUDE_IN_FRAMEWORK_HEADER = YES;
				CLANG_WARN_RANGE_LOOP_ANALYSIS = YES;
				CLANG_WARN_STRICT_PROTOTYPES = YES;
				CLANG_WARN_SUSPICIOUS_MOVE = YES;
				CLANG_WARN_UNGUARDED_AVAILABILITY = YES_AGGRESSIVE;
				CLANG_WARN_UNREACHABLE_CODE = YES;
				CLANG_WARN__DUPLICATE_METHOD_MATCH = YES;
				COPY_PHASE_STRIP = NO;
				DEBUG_INFORMATION_FORMAT = dwarf;
				ENABLE_STRICT_OBJC_MSGSEND = YES;
				ENABLE_TESTABILITY = YES;
				GCC_C_LANGUAGE_STANDARD = gnu11;
				GCC_DYNAMIC_NO_PIC = NO;
				GCC_NO_COMMON_BLOCKS = YES;
				GCC_OPTIMIZATION_LEVEL = 0;
				GCC_PREPROCESSOR_DEFINITIONS = (
					"DEBUG=1",
					"$(inherited)",
				);
				GCC_WARN_64_TO_32_BIT_CONVERSION = YES;
				GCC_WARN_ABOUT_RETURN_TYPE = YES_ERROR;
				GCC_WARN_UNDECLARED_SELECTOR = YES;
				GCC_WARN_UNINITIALIZED_AUTOS = YES_AGGRESSIVE;
				GCC_WARN_UNUSED_FUNCTION = YES;
				GCC_WARN_UNUSED_VARIABLE = YES;
				IPHONEOS_DEPLOYMENT_TARGET = 16.0;
				MTL_ENABLE_DEBUG_INFO = INCLUDE_SOURCE;
				MTL_FAST_MATH = YES;
				ONLY_ACTIVE_ARCH = YES;
				SDKROOT = iphoneos;
				SWIFT_ACTIVE_COMPILATION_CONDITIONS = DEBUG;
				SWIFT_OPTIMIZATION_LEVEL = "-Onone";
			};
			name = Debug;
		};
		9F84598628F869C400C13C86 /* Release */ = {
			isa = XCBuildConfiguration;
			buildSettings = {
				ALWAYS_SEARCH_USER_PATHS = NO;
				CLANG_ANALYZER_NONNULL = YES;
				CLANG_ANALYZER_NUMBER_OBJECT_CONVERSION = YES_AGGRESSIVE;
				CLANG_CXX_LANGUAGE_STANDARD = "gnu++20";
				CLANG_ENABLE_MODULES = YES;
				CLANG_ENABLE_OBJC_ARC = YES;
				CLANG_ENABLE_OBJC_WEAK = YES;
				CLANG_WARN_BLOCK_CAPTURE_AUTORELEASING = YES;
				CLANG_WARN_BOOL_CONVERSION = YES;
				CLANG_WARN_COMMA = YES;
				CLANG_WARN_CONSTANT_CONVERSION = YES;
				CLANG_WARN_DEPRECATED_OBJC_IMPLEMENTATIONS = YES;
				CLANG_WARN_DIRECT_OBJC_ISA_USAGE = YES_ERROR;
				CLANG_WARN_DOCUMENTATION_COMMENTS = YES;
				CLANG_WARN_EMPTY_BODY = YES;
				CLANG_WARN_ENUM_CONVERSION = YES;
				CLANG_WARN_INFINITE_RECURSION = YES;
				CLANG_WARN_INT_CONVERSION = YES;
				CLANG_WARN_NON_LITERAL_NULL_CONVERSION = YES;
				CLANG_WARN_OBJC_IMPLICIT_RETAIN_SELF = YES;
				CLANG_WARN_OBJC_LITERAL_CONVERSION = YES;
				CLANG_WARN_OBJC_ROOT_CLASS = YES_ERROR;
				CLANG_WARN_QUOTED_INCLUDE_IN_FRAMEWORK_HEADER = YES;
				CLANG_WARN_RANGE_LOOP_ANALYSIS = YES;
				CLANG_WARN_STRICT_PROTOTYPES = YES;
				CLANG_WARN_SUSPICIOUS_MOVE = YES;
				CLANG_WARN_UNGUARDED_AVAILABILITY = YES_AGGRESSIVE;
				CLANG_WARN_UNREACHABLE_CODE = YES;
				CLANG_WARN__DUPLICATE_METHOD_MATCH = YES;
				COPY_PHASE_STRIP = NO;
				DEBUG_INFORMATION_FORMAT = "dwarf-with-dsym";
				ENABLE_NS_ASSERTIONS = NO;
				ENABLE_STRICT_OBJC_MSGSEND = YES;
				GCC_C_LANGUAGE_STANDARD = gnu11;
				GCC_NO_COMMON_BLOCKS = YES;
				GCC_WARN_64_TO_32_BIT_CONVERSION = YES;
				GCC_WARN_ABOUT_RETURN_TYPE = YES_ERROR;
				GCC_WARN_UNDECLARED_SELECTOR = YES;
				GCC_WARN_UNINITIALIZED_AUTOS = YES_AGGRESSIVE;
				GCC_WARN_UNUSED_FUNCTION = YES;
				GCC_WARN_UNUSED_VARIABLE = YES;
				IPHONEOS_DEPLOYMENT_TARGET = 16.0;
				MTL_ENABLE_DEBUG_INFO = NO;
				MTL_FAST_MATH = YES;
				SDKROOT = iphoneos;
				SWIFT_COMPILATION_MODE = wholemodule;
				SWIFT_OPTIMIZATION_LEVEL = "-O";
				VALIDATE_PRODUCT = YES;
			};
			name = Release;
		};
		9F84598828F869C400C13C86 /* Debug */ = {
			isa = XCBuildConfiguration;
			buildSettings = {
				ASSETCATALOG_COMPILER_APPICON_NAME = AppIcon;
				ASSETCATALOG_COMPILER_GLOBAL_ACCENT_COLOR_NAME = AccentColor;
				CODE_SIGN_STYLE = Automatic;
				CURRENT_PROJECT_VERSION = 1;
				DEVELOPMENT_ASSET_PATHS = "\"iOS trial/Preview Content\"";
				DEVELOPMENT_TEAM = 3X83ZW5424;
				ENABLE_PREVIEWS = YES;
				GENERATE_INFOPLIST_FILE = YES;
				INFOPLIST_KEY_UIApplicationSceneManifest_Generation = YES;
				INFOPLIST_KEY_UIApplicationSupportsIndirectInputEvents = YES;
				INFOPLIST_KEY_UILaunchScreen_Generation = YES;
				INFOPLIST_KEY_UISupportedInterfaceOrientations_iPad = "UIInterfaceOrientationPortrait UIInterfaceOrientationPortraitUpsideDown UIInterfaceOrientationLandscapeLeft UIInterfaceOrientationLandscapeRight";
				INFOPLIST_KEY_UISupportedInterfaceOrientations_iPhone = "UIInterfaceOrientationPortrait UIInterfaceOrientationLandscapeLeft UIInterfaceOrientationLandscapeRight";
				LD_RUNPATH_SEARCH_PATHS = (
					"$(inherited)",
					"@executable_path/Frameworks",
				);
				MARKETING_VERSION = 1.0;
				PRODUCT_BUNDLE_IDENTIFIER = "Devmountain.iOS-trial";
				PRODUCT_NAME = "$(TARGET_NAME)";
				SWIFT_EMIT_LOC_STRINGS = YES;
				SWIFT_VERSION = 5.0;
				TARGETED_DEVICE_FAMILY = "1,2";
			};
			name = Debug;
		};
		9F84598928F869C400C13C86 /* Release */ = {
			isa = XCBuildConfiguration;
			buildSettings = {
				ASSETCATALOG_COMPILER_APPICON_NAME = AppIcon;
				ASSETCATALOG_COMPILER_GLOBAL_ACCENT_COLOR_NAME = AccentColor;
				CODE_SIGN_STYLE = Automatic;
				CURRENT_PROJECT_VERSION = 1;
				DEVELOPMENT_ASSET_PATHS = "\"iOS trial/Preview Content\"";
				DEVELOPMENT_TEAM = 3X83ZW5424;
				ENABLE_PREVIEWS = YES;
				GENERATE_INFOPLIST_FILE = YES;
				INFOPLIST_KEY_UIApplicationSceneManifest_Generation = YES;
				INFOPLIST_KEY_UIApplicationSupportsIndirectInputEvents = YES;
				INFOPLIST_KEY_UILaunchScreen_Generation = YES;
				INFOPLIST_KEY_UISupportedInterfaceOrientations_iPad = "UIInterfaceOrientationPortrait UIInterfaceOrientationPortraitUpsideDown UIInterfaceOrientationLandscapeLeft UIInterfaceOrientationLandscapeRight";
				INFOPLIST_KEY_UISupportedInterfaceOrientations_iPhone = "UIInterfaceOrientationPortrait UIInterfaceOrientationLandscapeLeft UIInterfaceOrientationLandscapeRight";
				LD_RUNPATH_SEARCH_PATHS = (
					"$(inherited)",
					"@executable_path/Frameworks",
				);
				MARKETING_VERSION = 1.0;
				PRODUCT_BUNDLE_IDENTIFIER = "Devmountain.iOS-trial";
				PRODUCT_NAME = "$(TARGET_NAME)";
				SWIFT_EMIT_LOC_STRINGS = YES;
				SWIFT_VERSION = 5.0;
				TARGETED_DEVICE_FAMILY = "1,2";
			};
			name = Release;
		};
		9F84598B28F869C400C13C86 /* Debug */ = {
			isa = XCBuildConfiguration;
			buildSettings = {
				ALWAYS_EMBED_SWIFT_STANDARD_LIBRARIES = YES;
				BUNDLE_LOADER = "$(TEST_HOST)";
				CODE_SIGN_STYLE = Automatic;
				CURRENT_PROJECT_VERSION = 1;
				DEVELOPMENT_TEAM = 3X83ZW5424;
				GENERATE_INFOPLIST_FILE = YES;
				IPHONEOS_DEPLOYMENT_TARGET = 16.0;
				MARKETING_VERSION = 1.0;
				PRODUCT_BUNDLE_IDENTIFIER = "Devmountain.iOS-trialTests";
				PRODUCT_NAME = "$(TARGET_NAME)";
				SWIFT_EMIT_LOC_STRINGS = NO;
				SWIFT_VERSION = 5.0;
				TARGETED_DEVICE_FAMILY = "1,2";
				TEST_HOST = "$(BUILT_PRODUCTS_DIR)/iOS trial.app/$(BUNDLE_EXECUTABLE_FOLDER_PATH)/iOS trial";
			};
			name = Debug;
		};
		9F84598C28F869C400C13C86 /* Release */ = {
			isa = XCBuildConfiguration;
			buildSettings = {
				ALWAYS_EMBED_SWIFT_STANDARD_LIBRARIES = YES;
				BUNDLE_LOADER = "$(TEST_HOST)";
				CODE_SIGN_STYLE = Automatic;
				CURRENT_PROJECT_VERSION = 1;
				DEVELOPMENT_TEAM = 3X83ZW5424;
				GENERATE_INFOPLIST_FILE = YES;
				IPHONEOS_DEPLOYMENT_TARGET = 16.0;
				MARKETING_VERSION = 1.0;
				PRODUCT_BUNDLE_IDENTIFIER = "Devmountain.iOS-trialTests";
				PRODUCT_NAME = "$(TARGET_NAME)";
				SWIFT_EMIT_LOC_STRINGS = NO;
				SWIFT_VERSION = 5.0;
				TARGETED_DEVICE_FAMILY = "1,2";
				TEST_HOST = "$(BUILT_PRODUCTS_DIR)/iOS trial.app/$(BUNDLE_EXECUTABLE_FOLDER_PATH)/iOS trial";
			};
			name = Release;
		};
		9F84598E28F869C400C13C86 /* Debug */ = {
			isa = XCBuildConfiguration;
			buildSettings = {
				ALWAYS_EMBED_SWIFT_STANDARD_LIBRARIES = YES;
				CODE_SIGN_STYLE = Automatic;
				CURRENT_PROJECT_VERSION = 1;
				DEVELOPMENT_TEAM = 3X83ZW5424;
				GENERATE_INFOPLIST_FILE = YES;
				MARKETING_VERSION = 1.0;
				PRODUCT_BUNDLE_IDENTIFIER = "Devmountain.iOS-trialUITests";
				PRODUCT_NAME = "$(TARGET_NAME)";
				SWIFT_EMIT_LOC_STRINGS = NO;
				SWIFT_VERSION = 5.0;
				TARGETED_DEVICE_FAMILY = "1,2";
				TEST_TARGET_NAME = "iOS trial";
			};
			name = Debug;
		};
		9F84598F28F869C400C13C86 /* Release */ = {
			isa = XCBuildConfiguration;
			buildSettings = {
				ALWAYS_EMBED_SWIFT_STANDARD_LIBRARIES = YES;
				CODE_SIGN_STYLE = Automatic;
				CURRENT_PROJECT_VERSION = 1;
				DEVELOPMENT_TEAM = 3X83ZW5424;
				GENERATE_INFOPLIST_FILE = YES;
				MARKETING_VERSION = 1.0;
				PRODUCT_BUNDLE_IDENTIFIER = "Devmountain.iOS-trialUITests";
				PRODUCT_NAME = "$(TARGET_NAME)";
				SWIFT_EMIT_LOC_STRINGS = NO;
				SWIFT_VERSION = 5.0;
				TARGETED_DEVICE_FAMILY = "1,2";
				TEST_TARGET_NAME = "iOS trial";
			};
			name = Release;
		};
/* End XCBuildConfiguration section */

/* Begin XCConfigurationList section */
		9F84595E28F869C200C13C86 /* Build configuration list for PBXProject "iOS trial" */ = {
			isa = XCConfigurationList;
			buildConfigurations = (
				9F84598528F869C400C13C86 /* Debug */,
				9F84598628F869C400C13C86 /* Release */,
			);
			defaultConfigurationIsVisible = 0;
			defaultConfigurationName = Release;
		};
		9F84598728F869C400C13C86 /* Build configuration list for PBXNativeTarget "iOS trial" */ = {
			isa = XCConfigurationList;
			buildConfigurations = (
				9F84598828F869C400C13C86 /* Debug */,
				9F84598928F869C400C13C86 /* Release */,
			);
			defaultConfigurationIsVisible = 0;
			defaultConfigurationName = Release;
		};
		9F84598A28F869C400C13C86 /* Build configuration list for PBXNativeTarget "iOS trialTests" */ = {
			isa = XCConfigurationList;
			buildConfigurations = (
				9F84598B28F869C400C13C86 /* Debug */,
				9F84598C28F869C400C13C86 /* Release */,
			);
			defaultConfigurationIsVisible = 0;
			defaultConfigurationName = Release;
		};
		9F84598D28F869C400C13C86 /* Build configuration list for PBXNativeTarget "iOS trialUITests" */ = {
			isa = XCConfigurationList;
			buildConfigurations = (
				9F84598E28F869C400C13C86 /* Debug */,
				9F84598F28F869C400C13C86 /* Release */,
			);
			defaultConfigurationIsVisible = 0;
			defaultConfigurationName = Release;
		};
/* End XCConfigurationList section */
	};
	rootObject = 9F84595B28F869C200C13C86 /* Project object */;
}
